<?xml version="1.0" encoding="utf-8"?>
<Project ToolsVersion="4.0" xmlns="http://schemas.microsoft.com/developer/msbuild/2003">
  <ItemGroup>
    <ClInclude Include="Age\types.hpp" />
    <ClInclude Include="Age\LL\opengl.h" />
    <ClInclude Include="Age\Math\vec2.hpp" />
    <ClInclude Include="TestGame.hpp" />
    <ClInclude Include="Age\LL\Buffers\VertexBuffer.hpp" />
    <ClInclude Include="Age\Resource\File.hpp" />
    <ClInclude Include="Age\LL\Shader\ShaderProgram.hpp" />
    <ClInclude Include="Age\LL\Shader\ShaderModule.hpp" />
    <ClInclude Include="Age\LL\Texture\Image.hpp" />
    <ClInclude Include="Age\LL\Texture\Texture2D.hpp" />
    <ClInclude Include="Age\Math\vec3.hpp" />
    <ClInclude Include="Age\Transform\Transform3D.hpp" />
    <ClInclude Include="Age\Math\mat3.hpp" />
    <ClInclude Include="Age\Auxiliary\DEBUG.hpp" />
    <ClInclude Include="Age\Auxiliary\print_math.hpp" />
    <ClInclude Include="Age\Transform\Camera3D.hpp" />
    <ClInclude Include="Age\Application.hpp" />
    <ClInclude Include="Age\EventHandler.hpp" />
    <ClInclude Include="Age\Object\Model3D.hpp" />
    <ClInclude Include="Age\Resource\ResourceLoader.hpp" />
    <ClInclude Include="Age\Resource\Logger.hpp" />
    <ClInclude Include="Age\Resource\TextureLoader.hpp" />
    <ClInclude Include="Age\Resource\ModelLoader.hpp" />
    <ClInclude Include="Age\Object\Mesh3D.hpp" />
    <ClInclude Include="Age\Object\Object3D.hpp" />
    <ClInclude Include="Age\Object\Material.hpp" />
    <ClInclude Include="Age\Math\mat4.hpp" />
    <ClInclude Include="Age\Light\Light.hpp" />
    <ClInclude Include="Age\Light\LightSource.hpp" />
    <ClInclude Include="Age\Resource\ShaderLoader.hpp" />
    <ClInclude Include="Age\Game\WorldScene.hpp" />
    <ClInclude Include="Age\Game\Gdata.hpp" />
    <ClInclude Include="Age\LL\Buffers\FrameBuffer2D.hpp" />
    <ClInclude Include="Age\Render\Renderer3D.hpp" />
    <ClInclude Include="Age\Render\DefaultRenderer3D.hpp" />
    <ClInclude Include="Age\LL\Texture\CubeMap.hpp" />
    <ClInclude Include="Age\LL\Texture\TexEnums.hpp" />
    <ClInclude Include="Age\Object\Node3D.hpp" />
    <ClInclude Include="Age\Object\Component.hpp" />
    <ClInclude Include="Age\Game\FollowToCamera.hpp" />
    <ClInclude Include="Age\egd.hpp" />
    <ClInclude Include="Age\Scene\SkyBox.hpp" />
    <ClInclude Include="Age\LL\Pipeline.hpp" />
    <ClInclude Include="Age\Math\Math.hpp" />
    <ClInclude Include="Age\Scene\Scene3D.hpp" />
    <ClInclude Include="Age\Components\LightUpdaters.hpp" />
    <ClInclude Include="Age\Material\Shader.hpp" />
    <ClInclude Include="Age\Material\ShaderSettings.hpp" />
    <ClInclude Include="Age\Scene\Scene3DInfo.hpp" />
    <ClInclude Include="Age\Material\ShaderProps.hpp" />
    <ClInclude Include="Age\Material\ShaderProperty.hpp" />
    <ClInclude Include="Age\Material\TransformProps.hpp" />
  </ItemGroup>
  <ItemGroup>
    <ClCompile Include="TestGame.cpp" />
    <ClCompile Include="Age\LL\Buffers\VertexBuffer.cpp" />
    <ClCompile Include="Age\Resource\File.cpp" />
    <ClCompile Include="Age\LL\Shader\ShaderProgram.cpp" />
    <ClCompile Include="Age\LL\Shader\ShaderModule.cpp" />
    <ClCompile Include="Age\LL\Texture\Image.cpp" />
    <ClCompile Include="Age\LL\Texture\Texture2D.cpp" />
    <ClCompile Include="Age\Transform\Transform3D.cpp" />
    <ClCompile Include="Age\Transform\Camera3D.cpp" />
    <ClCompile Include="Age\Application.cpp" />
    <ClCompile Include="Age\EventHandler.cpp" />
    <ClCompile Include="Age\Resource\Logger.cpp" />
    <ClCompile Include="Age\Resource\TextureLoader.cpp" />
    <ClCompile Include="Age\Object\Mesh3D.cpp" />
    <ClCompile Include="Age\Object\Model3D.cpp" />
    <ClCompile Include="Age\Object\Object3D.cpp" />
    <ClCompile Include="Age\Resource\ModelLoader.cpp" />
    <ClCompile Include="Age\Math\Math.cpp" />
    <ClCompile Include="Age\Resource\ShaderLoader.cpp" />
    <ClCompile Include="Age\Light\LightSource.cpp" />
    <ClCompile Include="Age\Game\WorldScene.cpp" />
    <ClCompile Include="Age\Game\Gdata.cpp" />
    <ClCompile Include="Age\LL\Buffers\FrameBuffer2D.cpp" />
    <ClCompile Include="Age\Render\DefaultRenderer3D.cpp" />
    <ClCompile Include="Age\LL\Texture\CubeMap.cpp" />
    <ClCompile Include="Age\LL\Texture\TexEnums.cpp" />
    <ClCompile Include="Age\Object\Node3D.cpp" />
    <ClCompile Include="Age\Object\Component.cpp" />
    <ClCompile Include="Age\Game\FollowToCamera.cpp" />
    <ClCompile Include="Age\Scene\SkyBox.cpp" />
    <ClCompile Include="Age\LL\Pipeline.cpp" />
    <ClCompile Include="Age\Scene\Scene3D.cpp" />
    <ClCompile Include="Age\Components\LightUpdaters.cpp" />
    <ClCompile Include="Age\Material\Shader.cpp" />
    <ClCompile Include="Age\Material\ShaderSettings.cpp" />
    <ClCompile Include="Age\Scene\Scene3DInfo.cpp" />
  </ItemGroup>
</Project>