<?xml version="1.0" encoding="utf-8"?>
<Project ToolsVersion="4.0" xmlns="http://schemas.microsoft.com/developer/msbuild/2003">
  <ItemGroup>
    <ClInclude Include="Age\types.hpp" />
    <ClInclude Include="Age\LL\opengl.h" />
    <ClInclude Include="Age\Math\vec2.hpp" />
    <ClInclude Include="TestGame.hpp" />
    <ClInclude Include="Age\LL\Buffers\VertexBuffer.hpp" />
    <ClInclude Include="Age\Resource\File.hpp" />
    <ClInclude Include="Age\LL\Shader\ShaderProgram.hpp" />
    <ClInclude Include="Age\LL\Shader\ShaderModule.hpp" />
    <ClInclude Include="Age\Resource\Image.hpp" />
    <ClInclude Include="Age\LL\Texture\Texture2D.hpp" />
    <ClInclude Include="Age\Math\vec3.hpp" />
    <ClInclude Include="Age\Transform\Transform.hpp" />
    <ClInclude Include="Age\Math\mat3.hpp" />
    <ClInclude Include="Age\Other\DEBUG.hpp" />
    <ClInclude Include="Age\Other\print_math.hpp" />
    <ClInclude Include="Age\Transform\Camera.hpp" />
    <ClInclude Include="Age\Application.hpp" />
    <ClInclude Include="Age\EventHandler.hpp" />
    <ClInclude Include="Age\Object\Model.hpp" />
    <ClInclude Include="Age\Resource\ResourceLoader.hpp" />
    <ClInclude Include="Age\Other\Logger.hpp" />
    <ClInclude Include="Age\Resource\TextureLoader.hpp" />
    <ClInclude Include="Age\Resource\ModelLoader.hpp" />
    <ClInclude Include="Age\Object\Mesh.hpp" />
    <ClInclude Include="Age\Material\Material.hpp" />
    <ClInclude Include="Age\Math\mat4.hpp" />
    <ClInclude Include="Age\Light\Light.hpp" />
    <ClInclude Include="Age\Resource\ShaderLoader.hpp" />
    <ClInclude Include="Age\Game\WorldScene.hpp" />
    <ClInclude Include="Age\Game\Gdata.hpp" />
    <ClInclude Include="Age\LL\Buffers\FrameBuffer2D.hpp" />
    <ClInclude Include="Age\Render\Renderer.hpp" />
    <ClInclude Include="Age\LL\Texture\CubeMap.hpp" />
    <ClInclude Include="Age\LL\Texture\TexEnums.hpp" />
    <ClInclude Include="Age\Object\Node.hpp" />
    <ClInclude Include="Age\Object\Component.hpp" />
    <ClInclude Include="Age\Game\FollowToCamera.hpp" />
    <ClInclude Include="Age\egd.hpp" />
    <ClInclude Include="Age\Scene\SkyBox.hpp" />
    <ClInclude Include="Age\LL\Pipeline.hpp" />
    <ClInclude Include="Age\Math\Math.hpp" />
    <ClInclude Include="Age\Scene\Scene.hpp" />
    <ClInclude Include="Age\Components\LightComponents.hpp" />
    <ClInclude Include="Age\Material\Shader.hpp" />
    <ClInclude Include="Age\Material\ShaderSettings.hpp" />
    <ClInclude Include="Age\Scene\SceneInfo.hpp" />
    <ClInclude Include="Age\Material\ShaderProps.hpp" />
    <ClInclude Include="Age\Material\ShaderProperty.hpp" />
    <ClInclude Include="Age\Render\DeferredRenderer.hpp" />
    <ClInclude Include="Age\Render\ForwardRenderer.hpp" />
    <ClInclude Include="Age\Game\Rotate.hpp" />
    <ClInclude Include="Age\Resource\ModelResource.hpp" />
    <ClInclude Include="Age\Components\MeshComponent.hpp" />
    <ClInclude Include="Age\Game\SceneController.hpp" />
    <ClInclude Include="Age\Game\ControlController.hpp" />
    <ClInclude Include="Age\Game\RotateComp.hpp" />
    <ClInclude Include="Age\Resource\CubeMapLoader.hpp" />
  </ItemGroup>
  <ItemGroup>
    <ClCompile Include="TestGame.cpp" />
    <ClCompile Include="Age\LL\Buffers\VertexBuffer.cpp" />
    <ClCompile Include="Age\Resource\File.cpp" />
    <ClCompile Include="Age\LL\Shader\ShaderProgram.cpp" />
    <ClCompile Include="Age\LL\Shader\ShaderModule.cpp" />
    <ClCompile Include="Age\Resource\Image.cpp" />
    <ClCompile Include="Age\LL\Texture\Texture2D.cpp" />
    <ClCompile Include="Age\Transform\Transform.cpp" />
    <ClCompile Include="Age\Transform\Camera.cpp" />
    <ClCompile Include="Age\Application.cpp" />
    <ClCompile Include="Age\EventHandler.cpp" />
    <ClCompile Include="Age\Other\Logger.cpp" />
    <ClCompile Include="Age\Resource\TextureLoader.cpp" />
    <ClCompile Include="Age\Object\Mesh.cpp" />
    <ClCompile Include="Age\Object\Model.cpp" />
    <ClCompile Include="Age\Resource\ModelLoader.cpp" />
    <ClCompile Include="Age\Math\Math.cpp" />
    <ClCompile Include="Age\Resource\ShaderLoader.cpp" />
    <ClCompile Include="Age\Game\WorldScene.cpp" />
    <ClCompile Include="Age\Game\Gdata.cpp" />
    <ClCompile Include="Age\LL\Buffers\FrameBuffer2D.cpp" />
    <ClCompile Include="Age\LL\Texture\CubeMap.cpp" />
    <ClCompile Include="Age\LL\Texture\TexEnums.cpp" />
    <ClCompile Include="Age\Object\Node.cpp" />
    <ClCompile Include="Age\Object\Component.cpp" />
    <ClCompile Include="Age\Game\FollowToCamera.cpp" />
    <ClCompile Include="Age\Scene\SkyBox.cpp" />
    <ClCompile Include="Age\LL\Pipeline.cpp" />
    <ClCompile Include="Age\Scene\Scene.cpp" />
    <ClCompile Include="Age\Material\Shader.cpp" />
    <ClCompile Include="Age\Material\ShaderSettings.cpp" />
    <ClCompile Include="Age\Scene\SceneInfo.cpp" />
    <ClCompile Include="Age\Material\Material.cpp" />
    <ClCompile Include="Age\Render\ForwardRenderer.cpp" />
    <ClCompile Include="Age\Render\DeferredRenderer.cpp" />
    <ClCompile Include="Age\Game\Rotate.cpp" />
    <ClCompile Include="Age\Components\MeshComponent.cpp" />
    <ClCompile Include="Age\Components\LightComponents.cpp" />
    <ClCompile Include="Age\Game\SceneController.cpp" />
    <ClCompile Include="Age\Game\ControlController.cpp" />
    <ClCompile Include="Age\Light\Light.cpp" />
    <ClCompile Include="Age\Game\RotateComp.cpp" />
    <ClCompile Include="Age\Resource\CubeMapLoader.cpp" />
    <ClCompile Include="external\header\miniz.c" />
  </ItemGroup>
</Project>